
Microsoft Visual Studio Solution File, Format Version 12.00
# Visual Studio Version 17
VisualStudioVersion = 17.8.34316.72
MinimumVisualStudioVersion = 10.0.40219.1
Project("{2150E333-8FDC-42A3-9474-1A3956D46DE8}") = "Fundamentals", "Fundamentals", "{AC9781E8-2E54-487F-8838-54EB7F0CEF58}"
EndProject
Project("{9A19103F-16F7-4668-BE54-9A1E7A4F7556}") = "Assignment_1", "Assignment_1\Assignment_1.csproj", "{C69F3AF7-3CB9-46B4-938D-00FABC1C3913}"
EndProject
Project("{2150E333-8FDC-42A3-9474-1A3956D46DE8}") = "Common", "Common", "{73E6DFBC-8F1A-48E7-B694-3433ABAC3B7A}"
EndProject
Project("{9A19103F-16F7-4668-BE54-9A1E7A4F7556}") = "Common", "Common\Common.csproj", "{842BB509-C59D-4400-A517-80F0CAF4B421}"
EndProject
Project("{9A19103F-16F7-4668-BE54-9A1E7A4F7556}") = "Assignment_2_PrimeNumberAsync", "Assignment_2_PrimeNumberAsync\Assignment_2_PrimeNumberAsync.csproj", "{8E294C03-E356-4764-8DB6-E21DF07A9EA5}"
EndProject
Project("{9A19103F-16F7-4668-BE54-9A1E7A4F7556}") = "Assignment_2_LinQ", "Assignment_2_LinQ\Assignment_2_LinQ.csproj", "{1D1B20F5-07A3-49D8-8693-2466A7A17714}"
EndProject
Project("{2150E333-8FDC-42A3-9474-1A3956D46DE8}") = ".NET_Fundamentals", ".NET_Fundamentals", "{15EA7F0D-B879-4C0D-84BB-453E80B0A2E5}"
EndProject
Project("{9A19103F-16F7-4668-BE54-9A1E7A4F7556}") = "Assignment_MiddleWare", "Assignment_MiddleWare\Assignment_MiddleWare.csproj", "{04967314-E4DF-47FB-8F44-E28587F75ED1}"
EndProject
Project("{2150E333-8FDC-42A3-9474-1A3956D46DE8}") = ".NET Core", ".NET Core", "{546C9D94-93E4-4A47-86D6-8CB2E722FFDB}"
EndProject
Project("{2150E333-8FDC-42A3-9474-1A3956D46DE8}") = "DomainLayer", "DomainLayer", "{916DB68D-BD6B-4F23-8413-2015886F322F}"
EndProject
Project("{2150E333-8FDC-42A3-9474-1A3956D46DE8}") = "RepositoryLayer", "RepositoryLayer", "{32442C52-8C3F-4474-801D-D50FC4B534A6}"
EndProject
Project("{2150E333-8FDC-42A3-9474-1A3956D46DE8}") = "PresentationLayer", "PresentationLayer", "{D6F7B695-A39E-42E8-A9A6-508969873B41}"
EndProject
Project("{2150E333-8FDC-42A3-9474-1A3956D46DE8}") = "ApplicationLayer", "ApplicationLayer", "{F1476CD5-3C03-4301-AE18-01B6DF09A632}"
EndProject
Project("{9A19103F-16F7-4668-BE54-9A1E7A4F7556}") = "ProjectStucture.Application", "ProjectStucture.Application\ProjectStucture.Application.csproj", "{DCAC323D-45BB-4520-9C5B-B54E500E2DD1}"
EndProject
Project("{9A19103F-16F7-4668-BE54-9A1E7A4F7556}") = "ProjectStructure.Presentation.MVC_Day1", "ProjectStructure.Presentation.MVC_Day1\ProjectStructure.Presentation.MVC_Day1.csproj", "{D0F54FAA-D091-45FA-BBC3-6773ADA2F204}"
EndProject
Project("{9A19103F-16F7-4668-BE54-9A1E7A4F7556}") = "ProjectStructure.Domain", "ProjectStructure.Domain\ProjectStructure.Domain.csproj", "{2E744FD0-ED72-4C12-92B9-5C5DE4C8C20F}"
EndProject
Project("{9A19103F-16F7-4668-BE54-9A1E7A4F7556}") = "ProjectStructure.Repository", "ProjectStructure.Repository\ProjectStructure.Repository.csproj", "{93E69849-55C3-47E0-9213-A3F30036A8BF}"
EndProject
Project("{2150E333-8FDC-42A3-9474-1A3956D46DE8}") = "API", "API", "{E02840F9-59D4-470E-B413-1788F7914B62}"
EndProject
Project("{9A19103F-16F7-4668-BE54-9A1E7A4F7556}") = "API_Assignment_Day1", "API_Assignment_Day1\API_Assignment_Day1.csproj", "{83D6DB34-B871-4117-838B-0B2AE3612C5A}"
EndProject
Project("{FAE04EC0-301F-11D3-BF4B-00C04F79EFBC}") = "API_Assignment_Day2", "API_Assignment_Day2\API_Assignment_Day2.csproj", "{0C0487D6-C0E3-4D09-9268-1911C54AF2A2}"
EndProject
Global
	GlobalSection(SolutionConfigurationPlatforms) = preSolution
		Debug|Any CPU = Debug|Any CPU
		Release|Any CPU = Release|Any CPU
	EndGlobalSection
	GlobalSection(ProjectConfigurationPlatforms) = postSolution
		{C69F3AF7-3CB9-46B4-938D-00FABC1C3913}.Debug|Any CPU.ActiveCfg = Debug|Any CPU
		{C69F3AF7-3CB9-46B4-938D-00FABC1C3913}.Debug|Any CPU.Build.0 = Debug|Any CPU
		{C69F3AF7-3CB9-46B4-938D-00FABC1C3913}.Release|Any CPU.ActiveCfg = Release|Any CPU
		{C69F3AF7-3CB9-46B4-938D-00FABC1C3913}.Release|Any CPU.Build.0 = Release|Any CPU
		{842BB509-C59D-4400-A517-80F0CAF4B421}.Debug|Any CPU.ActiveCfg = Debug|Any CPU
		{842BB509-C59D-4400-A517-80F0CAF4B421}.Debug|Any CPU.Build.0 = Debug|Any CPU
		{842BB509-C59D-4400-A517-80F0CAF4B421}.Release|Any CPU.ActiveCfg = Release|Any CPU
		{842BB509-C59D-4400-A517-80F0CAF4B421}.Release|Any CPU.Build.0 = Release|Any CPU
		{8E294C03-E356-4764-8DB6-E21DF07A9EA5}.Debug|Any CPU.ActiveCfg = Debug|Any CPU
		{8E294C03-E356-4764-8DB6-E21DF07A9EA5}.Debug|Any CPU.Build.0 = Debug|Any CPU
		{8E294C03-E356-4764-8DB6-E21DF07A9EA5}.Release|Any CPU.ActiveCfg = Release|Any CPU
		{8E294C03-E356-4764-8DB6-E21DF07A9EA5}.Release|Any CPU.Build.0 = Release|Any CPU
		{1D1B20F5-07A3-49D8-8693-2466A7A17714}.Debug|Any CPU.ActiveCfg = Debug|Any CPU
		{1D1B20F5-07A3-49D8-8693-2466A7A17714}.Debug|Any CPU.Build.0 = Debug|Any CPU
		{1D1B20F5-07A3-49D8-8693-2466A7A17714}.Release|Any CPU.ActiveCfg = Release|Any CPU
		{1D1B20F5-07A3-49D8-8693-2466A7A17714}.Release|Any CPU.Build.0 = Release|Any CPU
		{04967314-E4DF-47FB-8F44-E28587F75ED1}.Debug|Any CPU.ActiveCfg = Debug|Any CPU
		{04967314-E4DF-47FB-8F44-E28587F75ED1}.Debug|Any CPU.Build.0 = Debug|Any CPU
		{04967314-E4DF-47FB-8F44-E28587F75ED1}.Release|Any CPU.ActiveCfg = Release|Any CPU
		{04967314-E4DF-47FB-8F44-E28587F75ED1}.Release|Any CPU.Build.0 = Release|Any CPU
		{DCAC323D-45BB-4520-9C5B-B54E500E2DD1}.Debug|Any CPU.ActiveCfg = Debug|Any CPU
		{DCAC323D-45BB-4520-9C5B-B54E500E2DD1}.Debug|Any CPU.Build.0 = Debug|Any CPU
		{DCAC323D-45BB-4520-9C5B-B54E500E2DD1}.Release|Any CPU.ActiveCfg = Release|Any CPU
		{DCAC323D-45BB-4520-9C5B-B54E500E2DD1}.Release|Any CPU.Build.0 = Release|Any CPU
		{D0F54FAA-D091-45FA-BBC3-6773ADA2F204}.Debug|Any CPU.ActiveCfg = Debug|Any CPU
		{D0F54FAA-D091-45FA-BBC3-6773ADA2F204}.Debug|Any CPU.Build.0 = Debug|Any CPU
		{D0F54FAA-D091-45FA-BBC3-6773ADA2F204}.Release|Any CPU.ActiveCfg = Release|Any CPU
		{D0F54FAA-D091-45FA-BBC3-6773ADA2F204}.Release|Any CPU.Build.0 = Release|Any CPU
		{2E744FD0-ED72-4C12-92B9-5C5DE4C8C20F}.Debug|Any CPU.ActiveCfg = Debug|Any CPU
		{2E744FD0-ED72-4C12-92B9-5C5DE4C8C20F}.Debug|Any CPU.Build.0 = Debug|Any CPU
		{2E744FD0-ED72-4C12-92B9-5C5DE4C8C20F}.Release|Any CPU.ActiveCfg = Release|Any CPU
		{2E744FD0-ED72-4C12-92B9-5C5DE4C8C20F}.Release|Any CPU.Build.0 = Release|Any CPU
		{93E69849-55C3-47E0-9213-A3F30036A8BF}.Debug|Any CPU.ActiveCfg = Debug|Any CPU
		{93E69849-55C3-47E0-9213-A3F30036A8BF}.Debug|Any CPU.Build.0 = Debug|Any CPU
		{93E69849-55C3-47E0-9213-A3F30036A8BF}.Release|Any CPU.ActiveCfg = Release|Any CPU
		{93E69849-55C3-47E0-9213-A3F30036A8BF}.Release|Any CPU.Build.0 = Release|Any CPU
		{83D6DB34-B871-4117-838B-0B2AE3612C5A}.Debug|Any CPU.ActiveCfg = Debug|Any CPU
		{83D6DB34-B871-4117-838B-0B2AE3612C5A}.Debug|Any CPU.Build.0 = Debug|Any CPU
		{83D6DB34-B871-4117-838B-0B2AE3612C5A}.Release|Any CPU.ActiveCfg = Release|Any CPU
		{83D6DB34-B871-4117-838B-0B2AE3612C5A}.Release|Any CPU.Build.0 = Release|Any CPU
		{0C0487D6-C0E3-4D09-9268-1911C54AF2A2}.Debug|Any CPU.ActiveCfg = Debug|Any CPU
		{0C0487D6-C0E3-4D09-9268-1911C54AF2A2}.Debug|Any CPU.Build.0 = Debug|Any CPU
		{0C0487D6-C0E3-4D09-9268-1911C54AF2A2}.Release|Any CPU.ActiveCfg = Release|Any CPU
		{0C0487D6-C0E3-4D09-9268-1911C54AF2A2}.Release|Any CPU.Build.0 = Release|Any CPU
	EndGlobalSection
	GlobalSection(SolutionProperties) = preSolution
		HideSolutionNode = FALSE
	EndGlobalSection
	GlobalSection(NestedProjects) = preSolution
		{C69F3AF7-3CB9-46B4-938D-00FABC1C3913} = {AC9781E8-2E54-487F-8838-54EB7F0CEF58}
		{842BB509-C59D-4400-A517-80F0CAF4B421} = {73E6DFBC-8F1A-48E7-B694-3433ABAC3B7A}
		{8E294C03-E356-4764-8DB6-E21DF07A9EA5} = {AC9781E8-2E54-487F-8838-54EB7F0CEF58}
		{1D1B20F5-07A3-49D8-8693-2466A7A17714} = {AC9781E8-2E54-487F-8838-54EB7F0CEF58}
		{04967314-E4DF-47FB-8F44-E28587F75ED1} = {15EA7F0D-B879-4C0D-84BB-453E80B0A2E5}
		{916DB68D-BD6B-4F23-8413-2015886F322F} = {546C9D94-93E4-4A47-86D6-8CB2E722FFDB}
		{32442C52-8C3F-4474-801D-D50FC4B534A6} = {546C9D94-93E4-4A47-86D6-8CB2E722FFDB}
		{D6F7B695-A39E-42E8-A9A6-508969873B41} = {546C9D94-93E4-4A47-86D6-8CB2E722FFDB}
		{F1476CD5-3C03-4301-AE18-01B6DF09A632} = {546C9D94-93E4-4A47-86D6-8CB2E722FFDB}
		{DCAC323D-45BB-4520-9C5B-B54E500E2DD1} = {F1476CD5-3C03-4301-AE18-01B6DF09A632}
		{D0F54FAA-D091-45FA-BBC3-6773ADA2F204} = {D6F7B695-A39E-42E8-A9A6-508969873B41}
		{2E744FD0-ED72-4C12-92B9-5C5DE4C8C20F} = {916DB68D-BD6B-4F23-8413-2015886F322F}
		{93E69849-55C3-47E0-9213-A3F30036A8BF} = {32442C52-8C3F-4474-801D-D50FC4B534A6}
		{83D6DB34-B871-4117-838B-0B2AE3612C5A} = {E02840F9-59D4-470E-B413-1788F7914B62}
		{0C0487D6-C0E3-4D09-9268-1911C54AF2A2} = {D6F7B695-A39E-42E8-A9A6-508969873B41}
	EndGlobalSection
	GlobalSection(ExtensibilityGlobals) = postSolution
		SolutionGuid = {DCBDD587-6FB9-43DF-B20E-EB78F43F63D5}
	EndGlobalSection
EndGlobal
